
Microsoft Visual Studio Solution File, Format Version 12.00
# Visual Studio Version 17
VisualStudioVersion = 17.0.32126.317
MinimumVisualStudioVersion = 10.0.40219.1
Project("{8BC9CEB8-8B4A-11D0-8D11-00A0C91BC942}") = "task1", "11.02.22\11.02.22.vcxproj", "{8730549E-283E-46CB-BCAF-7B373AA39A5C}"
EndProject
Project("{8BC9CEB8-8B4A-11D0-8D11-00A0C91BC942}") = "task2", "task2\task2.vcxproj", "{330E65B1-4FAB-49CB-99A9-9FA7D2F82FCC}"
EndProject
Project("{8BC9CEB8-8B4A-11D0-8D11-00A0C91BC942}") = "task3", "task3\task3.vcxproj", "{A18086F7-D1E7-4238-8261-0E22CE27F8B9}"
EndProject
Project("{8BC9CEB8-8B4A-11D0-8D11-00A0C91BC942}") = "task4", "task4\task4.vcxproj", "{B9B3C920-6133-4D4D-A669-38BBDE942E80}"
EndProject
Global
	GlobalSection(SolutionConfigurationPlatforms) = preSolution
		Debug|x64 = Debug|x64
		Debug|x86 = Debug|x86
		Release|x64 = Release|x64
		Release|x86 = Release|x86
	EndGlobalSection
	GlobalSection(ProjectConfigurationPlatforms) = postSolution
		{8730549E-283E-46CB-BCAF-7B373AA39A5C}.Debug|x64.ActiveCfg = Debug|x64
		{8730549E-283E-46CB-BCAF-7B373AA39A5C}.Debug|x64.Build.0 = Debug|x64
		{8730549E-283E-46CB-BCAF-7B373AA39A5C}.Debug|x86.ActiveCfg = Debug|Win32
		{8730549E-283E-46CB-BCAF-7B373AA39A5C}.Debug|x86.Build.0 = Debug|Win32
		{8730549E-283E-46CB-BCAF-7B373AA39A5C}.Release|x64.ActiveCfg = Release|x64
		{8730549E-283E-46CB-BCAF-7B373AA39A5C}.Release|x64.Build.0 = Release|x64
		{8730549E-283E-46CB-BCAF-7B373AA39A5C}.Release|x86.ActiveCfg = Release|Win32
		{8730549E-283E-46CB-BCAF-7B373AA39A5C}.Release|x86.Build.0 = Release|Win32
		{330E65B1-4FAB-49CB-99A9-9FA7D2F82FCC}.Debug|x64.ActiveCfg = Debug|x64
		{330E65B1-4FAB-49CB-99A9-9FA7D2F82FCC}.Debug|x64.Build.0 = Debug|x64
		{330E65B1-4FAB-49CB-99A9-9FA7D2F82FCC}.Debug|x86.ActiveCfg = Debug|Win32
		{330E65B1-4FAB-49CB-99A9-9FA7D2F82FCC}.Debug|x86.Build.0 = Debug|Win32
		{330E65B1-4FAB-49CB-99A9-9FA7D2F82FCC}.Release|x64.ActiveCfg = Release|x64
		{330E65B1-4FAB-49CB-99A9-9FA7D2F82FCC}.Release|x64.Build.0 = Release|x64
		{330E65B1-4FAB-49CB-99A9-9FA7D2F82FCC}.Release|x86.ActiveCfg = Release|Win32
		{330E65B1-4FAB-49CB-99A9-9FA7D2F82FCC}.Release|x86.Build.0 = Release|Win32
		{A18086F7-D1E7-4238-8261-0E22CE27F8B9}.Debug|x64.ActiveCfg = Debug|x64
		{A18086F7-D1E7-4238-8261-0E22CE27F8B9}.Debug|x64.Build.0 = Debug|x64
		{A18086F7-D1E7-4238-8261-0E22CE27F8B9}.Debug|x86.ActiveCfg = Debug|Win32
		{A18086F7-D1E7-4238-8261-0E22CE27F8B9}.Debug|x86.Build.0 = Debug|Win32
		{A18086F7-D1E7-4238-8261-0E22CE27F8B9}.Release|x64.ActiveCfg = Release|x64
		{A18086F7-D1E7-4238-8261-0E22CE27F8B9}.Release|x64.Build.0 = Release|x64
		{A18086F7-D1E7-4238-8261-0E22CE27F8B9}.Release|x86.ActiveCfg = Release|Win32
		{A18086F7-D1E7-4238-8261-0E22CE27F8B9}.Release|x86.Build.0 = Release|Win32
		{B9B3C920-6133-4D4D-A669-38BBDE942E80}.Debug|x64.ActiveCfg = Debug|x64
		{B9B3C920-6133-4D4D-A669-38BBDE942E80}.Debug|x64.Build.0 = Debug|x64
		{B9B3C920-6133-4D4D-A669-38BBDE942E80}.Debug|x86.ActiveCfg = Debug|Win32
		{B9B3C920-6133-4D4D-A669-38BBDE942E80}.Debug|x86.Build.0 = Debug|Win32
		{B9B3C920-6133-4D4D-A669-38BBDE942E80}.Release|x64.ActiveCfg = Release|x64
		{B9B3C920-6133-4D4D-A669-38BBDE942E80}.Release|x64.Build.0 = Release|x64
		{B9B3C920-6133-4D4D-A669-38BBDE942E80}.Release|x86.ActiveCfg = Release|Win32
		{B9B3C920-6133-4D4D-A669-38BBDE942E80}.Release|x86.Build.0 = Release|Win32
	EndGlobalSection
	GlobalSection(SolutionProperties) = preSolution
		HideSolutionNode = FALSE
	EndGlobalSection
	GlobalSection(ExtensibilityGlobals) = postSolution
		SolutionGuid = {ED8A7F16-025D-40B5-9ED2-1190DCDA6F89}
	EndGlobalSection
EndGlobal
